PODS:
  - FANOCBaseConfig (0.1.0):
    - Masonry (~> 1.1.0)
    - MJRefresh (~> 3.7.5)
  - FBSnapshotTestCase (2.1.4):
    - FBSnapshotTestCase/SwiftSupport (= 2.1.4)
  - FBSnapshotTestCase/Core (2.1.4)
  - FBSnapshotTestCase/SwiftSupport (2.1.4):
    - FBSnapshotTestCase/Core
  - Masonry (1.1.0)
  - MJRefresh (3.7.5)

DEPENDENCIES:
  - FANOCBaseConfig (from `../`)
  - FBSnapshotTestCase

SPEC REPOS:
  trunk:
    - FBSnapshotTestCase
    - Masonry
    - MJRefresh

EXTERNAL SOURCES:
  FANOCBaseConfig:
    :path: "../"

SPEC CHECKSUMS:
  FANOCBaseConfig: 1e99d4b6d3a86e021000a0a540621833b912d86d
  FBSnapshotTestCase: 094f9f314decbabe373b87cc339bea235a63e07a
  Masonry: 678fab65091a9290e40e2832a55e7ab731aad201
  MJRefresh: fdf5e979eb406a0341468932d1dfc8b7f9fce961

PODFILE CHECKSUM: e905997a2ba944d1cba58943a384b9f43fbc8ddf

COCOAPODS: 1.11.3
