PODS:
  - FANOCBaseConfig (0.1.3):
    - Masonry (~> 1.1.0)
    - MJRefresh (~> 3.7.5)
  - FBSnapshotTestCase (2.1.4):
    - FBSnapshotTestCase/SwiftSupport (= 2.1.4)
  - FBSnapshotTestCase/Core (2.1.4)
  - FBSnapshotTestCase/SwiftSupport (2.1.4):
    - FBSnapshotTestCase/Core
  - Masonry (1.1.0)
  - MJRefresh (3.7.5)

DEPENDENCIES:
  - FANOCBaseConfig (from `../`)
  - FBSnapshotTestCase

SPEC REPOS:
  https://gitee.com/mirrors/CocoaPods-Specs.git:
    - FBSnapshotTestCase
    - Masonry
    - MJRefresh

EXTERNAL SOURCES:
  FANOCBaseConfig:
    :path: "../"

SPEC CHECKSUMS:
  FANOCBaseConfig: 100117f060a3cac3b7402e8823d979431a271869
  FBSnapshotTestCase: 094f9f314decbabe373b87cc339bea235a63e07a
  Masonry: 678fab65091a9290e40e2832a55e7ab731aad201
  MJRefresh: fdf5e979eb406a0341468932d1dfc8b7f9fce961

PODFILE CHECKSUM: affea544167ede747af66a97b8c94b7c2853f747

COCOAPODS: 1.11.3
